<?xml version="1.0" encoding="UTF-8"?>
<!DOCTYPE plist PUBLIC "-//Apple//DTD PLIST 1.0//EN" "http://www.apple.com/DTDs/PropertyList-1.0.dtd">
<plist version="1.0">
<dict>
	<key>archiveVersion</key>
	<string>1</string>
	<key>classes</key>
	<dict/>
	<key>objectVersion</key>
	<string>46</string>
	<key>objects</key>
	<dict>
		<key>382000197DE11E04ABBF8895</key>
		<dict>
			<key>fileRef</key>
			<string>53B213EEE83B7AA0ECC2B4AF</string>
			<key>isa</key>
			<string>PBXBuildFile</string>
		</dict>
		<key>4C5663363ECA556894ED967F</key>
		<dict>
			<key>includeInIndex</key>
			<string>1</string>
			<key>isa</key>
			<string>PBXFileReference</string>
			<key>lastKnownFileType</key>
			<string>text.xcconfig</string>
			<key>name</key>
			<string>Pods-Swapr.debug.xcconfig</string>
			<key>path</key>
			<string>Pods/Target Support Files/Pods-Swapr/Pods-Swapr.debug.xcconfig</string>
			<key>sourceTree</key>
			<string>&lt;group&gt;</string>
		</dict>
		<key>520026251A084C37003DC9C9</key>
		<dict>
			<key>fileEncoding</key>
			<string>4</string>
			<key>isa</key>
			<string>PBXFileReference</string>
			<key>lastKnownFileType</key>
			<string>sourcecode.c.h</string>
			<key>path</key>
			<string>RegisterUserViewController.h</string>
			<key>sourceTree</key>
			<string>&lt;group&gt;</string>
		</dict>
		<key>520026261A084C37003DC9C9</key>
		<dict>
			<key>fileEncoding</key>
			<string>4</string>
			<key>isa</key>
			<string>PBXFileReference</string>
			<key>lastKnownFileType</key>
			<string>sourcecode.c.objc</string>
			<key>path</key>
			<string>RegisterUserViewController.m</string>
			<key>sourceTree</key>
			<string>&lt;group&gt;</string>
		</dict>
		<key>520026271A084C37003DC9C9</key>
		<dict>
			<key>fileRef</key>
			<string>520026261A084C37003DC9C9</string>
			<key>isa</key>
			<string>PBXBuildFile</string>
		</dict>
		<key>5200262A1A086D7B003DC9C9</key>
		<dict>
			<key>fileEncoding</key>
			<string>4</string>
			<key>isa</key>
			<string>PBXFileReference</string>
			<key>lastKnownFileType</key>
			<string>sourcecode.c.h</string>
			<key>path</key>
			<string>LoginViewController.h</string>
			<key>sourceTree</key>
			<string>&lt;group&gt;</string>
		</dict>
		<key>5200262B1A086D7B003DC9C9</key>
		<dict>
			<key>fileEncoding</key>
			<string>4</string>
			<key>isa</key>
			<string>PBXFileReference</string>
			<key>lastKnownFileType</key>
			<string>sourcecode.c.objc</string>
			<key>path</key>
			<string>LoginViewController.m</string>
			<key>sourceTree</key>
			<string>&lt;group&gt;</string>
		</dict>
		<key>5200262C1A086D7B003DC9C9</key>
		<dict>
			<key>fileRef</key>
			<string>5200262B1A086D7B003DC9C9</string>
			<key>isa</key>
			<string>PBXBuildFile</string>
		</dict>
		<key>520026781A0953B2003DC9C9</key>
		<dict>
			<key>fileEncoding</key>
			<string>4</string>
			<key>isa</key>
			<string>PBXFileReference</string>
			<key>lastKnownFileType</key>
			<string>sourcecode.c.h</string>
			<key>path</key>
			<string>NewItemViewController.h</string>
			<key>sourceTree</key>
			<string>&lt;group&gt;</string>
		</dict>
		<key>520026791A0953B2003DC9C9</key>
		<dict>
			<key>fileEncoding</key>
			<string>4</string>
			<key>isa</key>
			<string>PBXFileReference</string>
			<key>lastKnownFileType</key>
			<string>sourcecode.c.objc</string>
			<key>path</key>
			<string>NewItemViewController.m</string>
			<key>sourceTree</key>
			<string>&lt;group&gt;</string>
		</dict>
		<key>5200267A1A0953B2003DC9C9</key>
		<dict>
			<key>fileRef</key>
			<string>520026791A0953B2003DC9C9</string>
			<key>isa</key>
			<string>PBXBuildFile</string>
		</dict>
		<key>5200267B1A09CBF8003DC9C9</key>
		<dict>
			<key>children</key>
			<array>
				<string>5200267C1A09CBF8003DC9C9</string>
			</array>
			<key>isa</key>
			<string>PBXVariantGroup</string>
			<key>name</key>
			<string>Main.storyboard</string>
			<key>path</key>
			<string>..</string>
			<key>sourceTree</key>
			<string>&lt;group&gt;</string>
		</dict>
		<key>5200267C1A09CBF8003DC9C9</key>
		<dict>
			<key>isa</key>
			<string>PBXFileReference</string>
			<key>lastKnownFileType</key>
			<string>file.storyboard</string>
			<key>name</key>
			<string>Base</string>
			<key>path</key>
			<string>Swipr/Base.lproj/Main.storyboard</string>
			<key>sourceTree</key>
			<string>&lt;group&gt;</string>
		</dict>
		<key>5200267D1A09CBF8003DC9C9</key>
		<dict>
			<key>fileRef</key>
			<string>5200267B1A09CBF8003DC9C9</string>
			<key>isa</key>
			<string>PBXBuildFile</string>
		</dict>
		<key>5245BDB31A082593003353F7</key>
		<dict>
			<key>isa</key>
			<string>PBXFileReference</string>
			<key>lastKnownFileType</key>
			<string>wrapper.framework</string>
			<key>path</key>
			<string>Parse.framework</string>
			<key>sourceTree</key>
			<string>&lt;group&gt;</string>
		</dict>
		<key>5245BDB41A082593003353F7</key>
		<dict>
			<key>fileRef</key>
			<string>5245BDB31A082593003353F7</string>
			<key>isa</key>
			<string>PBXBuildFile</string>
		</dict>
		<key>5245BDB51A08276E003353F7</key>
		<dict>
			<key>isa</key>
			<string>PBXFileReference</string>
			<key>lastKnownFileType</key>
			<string>wrapper.framework</string>
			<key>name</key>
			<string>AudioToolbox.framework</string>
			<key>path</key>
			<string>System/Library/Frameworks/AudioToolbox.framework</string>
			<key>sourceTree</key>
			<string>SDKROOT</string>
		</dict>
		<key>5245BDB61A08276E003353F7</key>
		<dict>
			<key>fileRef</key>
			<string>5245BDB51A08276E003353F7</string>
			<key>isa</key>
			<string>PBXBuildFile</string>
		</dict>
		<key>5245BDB71A082774003353F7</key>
		<dict>
			<key>isa</key>
			<string>PBXFileReference</string>
			<key>lastKnownFileType</key>
			<string>wrapper.framework</string>
			<key>name</key>
			<string>CFNetwork.framework</string>
			<key>path</key>
			<string>System/Library/Frameworks/CFNetwork.framework</string>
			<key>sourceTree</key>
			<string>SDKROOT</string>
		</dict>
		<key>5245BDB81A082774003353F7</key>
		<dict>
			<key>fileRef</key>
			<string>5245BDB71A082774003353F7</string>
			<key>isa</key>
			<string>PBXBuildFile</string>
		</dict>
		<key>5245BDB91A08277E003353F7</key>
		<dict>
			<key>isa</key>
			<string>PBXFileReference</string>
			<key>lastKnownFileType</key>
			<string>wrapper.framework</string>
			<key>name</key>
			<string>CoreGraphics.framework</string>
			<key>path</key>
			<string>System/Library/Frameworks/CoreGraphics.framework</string>
			<key>sourceTree</key>
			<string>SDKROOT</string>
		</dict>
		<key>5245BDBA1A08277E003353F7</key>
		<dict>
			<key>fileRef</key>
			<string>5245BDB91A08277E003353F7</string>
			<key>isa</key>
			<string>PBXBuildFile</string>
		</dict>
		<key>5245BDBB1A082782003353F7</key>
		<dict>
			<key>isa</key>
			<string>PBXFileReference</string>
			<key>lastKnownFileType</key>
			<string>wrapper.framework</string>
			<key>name</key>
			<string>CoreLocation.framework</string>
			<key>path</key>
			<string>System/Library/Frameworks/CoreLocation.framework</string>
			<key>sourceTree</key>
			<string>SDKROOT</string>
		</dict>
		<key>5245BDBC1A082782003353F7</key>
		<dict>
			<key>fileRef</key>
			<string>5245BDBB1A082782003353F7</string>
			<key>isa</key>
			<string>PBXBuildFile</string>
		</dict>
		<key>5245BDBD1A082794003353F7</key>
		<dict>
			<key>isa</key>
			<string>PBXFileReference</string>
			<key>lastKnownFileType</key>
			<string>compiled.mach-o.dylib</string>
			<key>name</key>
			<string>libz.dylib</string>
			<key>path</key>
			<string>usr/lib/libz.dylib</string>
			<key>sourceTree</key>
			<string>SDKROOT</string>
		</dict>
		<key>5245BDBE1A082794003353F7</key>
		<dict>
			<key>fileRef</key>
			<string>5245BDBD1A082794003353F7</string>
			<key>isa</key>
			<string>PBXBuildFile</string>
		</dict>
		<key>5245BDBF1A08279E003353F7</key>
		<dict>
			<key>isa</key>
			<string>PBXFileReference</string>
			<key>lastKnownFileType</key>
			<string>wrapper.framework</string>
			<key>name</key>
			<string>MobileCoreServices.framework</string>
			<key>path</key>
			<string>System/Library/Frameworks/MobileCoreServices.framework</string>
			<key>sourceTree</key>
			<string>SDKROOT</string>
		</dict>
		<key>5245BDC01A08279E003353F7</key>
		<dict>
			<key>fileRef</key>
			<string>5245BDBF1A08279E003353F7</string>
			<key>isa</key>
			<string>PBXBuildFile</string>
		</dict>
		<key>5245BDC11A0827A8003353F7</key>
		<dict>
			<key>isa</key>
			<string>PBXFileReference</string>
			<key>lastKnownFileType</key>
			<string>wrapper.framework</string>
			<key>name</key>
			<string>QuartzCore.framework</string>
			<key>path</key>
			<string>System/Library/Frameworks/QuartzCore.framework</string>
			<key>sourceTree</key>
			<string>SDKROOT</string>
		</dict>
		<key>5245BDC21A0827A8003353F7</key>
		<dict>
			<key>fileRef</key>
			<string>5245BDC11A0827A8003353F7</string>
			<key>isa</key>
			<string>PBXBuildFile</string>
		</dict>
		<key>5245BDC31A0827B0003353F7</key>
		<dict>
			<key>isa</key>
			<string>PBXFileReference</string>
			<key>lastKnownFileType</key>
			<string>wrapper.framework</string>
			<key>name</key>
			<string>Security.framework</string>
			<key>path</key>
			<string>System/Library/Frameworks/Security.framework</string>
			<key>sourceTree</key>
			<string>SDKROOT</string>
		</dict>
		<key>5245BDC41A0827B0003353F7</key>
		<dict>
			<key>fileRef</key>
			<string>5245BDC31A0827B0003353F7</string>
			<key>isa</key>
			<string>PBXBuildFile</string>
		</dict>
		<key>5245BDC51A0827B9003353F7</key>
		<dict>
			<key>isa</key>
			<string>PBXFileReference</string>
			<key>lastKnownFileType</key>
			<string>wrapper.framework</string>
			<key>name</key>
			<string>StoreKit.framework</string>
			<key>path</key>
			<string>System/Library/Frameworks/StoreKit.framework</string>
			<key>sourceTree</key>
			<string>SDKROOT</string>
		</dict>
		<key>5245BDC61A0827B9003353F7</key>
		<dict>
			<key>fileRef</key>
			<string>5245BDC51A0827B9003353F7</string>
			<key>isa</key>
			<string>PBXBuildFile</string>
		</dict>
		<key>5245BDC71A0827C4003353F7</key>
		<dict>
			<key>isa</key>
			<string>PBXFileReference</string>
			<key>lastKnownFileType</key>
			<string>wrapper.framework</string>
			<key>name</key>
			<string>SystemConfiguration.framework</string>
			<key>path</key>
			<string>System/Library/Frameworks/SystemConfiguration.framework</string>
			<key>sourceTree</key>
			<string>SDKROOT</string>
		</dict>
		<key>5245BDC81A0827C4003353F7</key>
		<dict>
			<key>fileRef</key>
			<string>5245BDC71A0827C4003353F7</string>
			<key>isa</key>
			<string>PBXBuildFile</string>
		</dict>
		<key>5245BDC91A0827C9003353F7</key>
		<dict>
			<key>children</key>
			<array>
				<string>84977C611A0F246F00A70DA1</string>
				<string>5245BDCA1A08289D003353F7</string>
				<string>5245BDC71A0827C4003353F7</string>
				<string>5245BDC51A0827B9003353F7</string>
				<string>5245BDC31A0827B0003353F7</string>
				<string>5245BDC11A0827A8003353F7</string>
				<string>5245BDBF1A08279E003353F7</string>
				<string>5245BDBD1A082794003353F7</string>
				<string>5245BDBB1A082782003353F7</string>
				<string>5245BDB91A08277E003353F7</string>
				<string>5245BDB71A082774003353F7</string>
				<string>5245BDB51A08276E003353F7</string>
				<string>5245BDB31A082593003353F7</string>
				<string>53B213EEE83B7AA0ECC2B4AF</string>
			</array>
			<key>isa</key>
			<string>PBXGroup</string>
			<key>name</key>
			<string>Frameworks</string>
			<key>sourceTree</key>
			<string>&lt;group&gt;</string>
		</dict>
		<key>5245BDCA1A08289D003353F7</key>
		<dict>
			<key>isa</key>
			<string>PBXFileReference</string>
			<key>lastKnownFileType</key>
			<string>wrapper.framework</string>
			<key>path</key>
			<string>Bolts.framework</string>
			<key>sourceTree</key>
			<string>&lt;group&gt;</string>
		</dict>
		<key>5245BDCB1A08289D003353F7</key>
		<dict>
			<key>fileRef</key>
			<string>5245BDCA1A08289D003353F7</string>
			<key>isa</key>
			<string>PBXBuildFile</string>
		</dict>
		<key>52BD6D6A1A0BFADD00C309FB</key>
		<dict>
			<key>fileEncoding</key>
			<string>4</string>
			<key>isa</key>
			<string>PBXFileReference</string>
			<key>lastKnownFileType</key>
			<string>sourcecode.c.h</string>
			<key>path</key>
			<string>MatchViewController.h</string>
			<key>sourceTree</key>
			<string>&lt;group&gt;</string>
		</dict>
		<key>52BD6D6B1A0BFADD00C309FB</key>
		<dict>
			<key>fileEncoding</key>
			<string>4</string>
			<key>isa</key>
			<string>PBXFileReference</string>
			<key>lastKnownFileType</key>
			<string>sourcecode.c.objc</string>
			<key>path</key>
			<string>MatchViewController.m</string>
			<key>sourceTree</key>
			<string>&lt;group&gt;</string>
		</dict>
		<key>52BD6D6C1A0BFADD00C309FB</key>
		<dict>
			<key>fileRef</key>
			<string>52BD6D6B1A0BFADD00C309FB</string>
			<key>isa</key>
			<string>PBXBuildFile</string>
		</dict>
		<key>52BD6D6D1A0C616D00C309FB</key>
		<dict>
			<key>fileEncoding</key>
			<string>4</string>
			<key>isa</key>
			<string>PBXFileReference</string>
			<key>lastKnownFileType</key>
			<string>sourcecode.c.h</string>
			<key>path</key>
			<string>Item.h</string>
			<key>sourceTree</key>
			<string>&lt;group&gt;</string>
		</dict>
		<key>52BD6D6E1A0C616D00C309FB</key>
		<dict>
			<key>fileEncoding</key>
			<string>4</string>
			<key>isa</key>
			<string>PBXFileReference</string>
			<key>lastKnownFileType</key>
			<string>sourcecode.c.objc</string>
			<key>path</key>
			<string>Item.m</string>
			<key>sourceTree</key>
			<string>&lt;group&gt;</string>
		</dict>
		<key>52BD6D6F1A0C616D00C309FB</key>
		<dict>
			<key>fileRef</key>
			<string>52BD6D6E1A0C616D00C309FB</string>
			<key>isa</key>
			<string>PBXBuildFile</string>
		</dict>
		<key>52BE14D91A0800280090A2B0</key>
		<dict>
			<key>fileEncoding</key>
			<string>4</string>
			<key>isa</key>
			<string>PBXFileReference</string>
			<key>lastKnownFileType</key>
			<string>sourcecode.c.h</string>
			<key>path</key>
			<string>MainViewController.h</string>
			<key>sourceTree</key>
			<string>&lt;group&gt;</string>
		</dict>
		<key>52BE14DA1A0800280090A2B0</key>
		<dict>
			<key>fileEncoding</key>
			<string>4</string>
			<key>isa</key>
			<string>PBXFileReference</string>
			<key>lastKnownFileType</key>
			<string>sourcecode.c.objc</string>
			<key>path</key>
			<string>MainViewController.m</string>
			<key>sourceTree</key>
			<string>&lt;group&gt;</string>
		</dict>
		<key>52BE14DB1A0800280090A2B0</key>
		<dict>
			<key>fileRef</key>
			<string>52BE14DA1A0800280090A2B0</string>
			<key>isa</key>
			<string>PBXBuildFile</string>
		</dict>
		<key>52BE14DD1A0800650090A2B0</key>
		<dict>
			<key>children</key>
			<array>
				<string>520026251A084C37003DC9C9</string>
				<string>520026261A084C37003DC9C9</string>
				<string>5200262A1A086D7B003DC9C9</string>
				<string>5200262B1A086D7B003DC9C9</string>
				<string>52BE14D91A0800280090A2B0</string>
				<string>52BE14DA1A0800280090A2B0</string>
				<string>84977C5E1A0EEA2F00A70DA1</string>
				<string>84977C5F1A0EEA2F00A70DA1</string>
				<string>84977C691A0F574900A70DA1</string>
				<string>84977C6A1A0F574A00A70DA1</string>
				<string>84977C661A0F29C200A70DA1</string>
				<string>84977C671A0F29C200A70DA1</string>
				<string>8461CE271A08172C00BB3525</string>
				<string>8461CE281A08172C00BB3525</string>
				<string>845167081A080FC4004663DE</string>
				<string>845167091A080FC4004663DE</string>
				<string>520026781A0953B2003DC9C9</string>
				<string>520026791A0953B2003DC9C9</string>
				<string>8461CE241A0816FA00BB3525</string>
				<string>8461CE251A0816FA00BB3525</string>
				<string>52BD6D6A1A0BFADD00C309FB</string>
				<string>52BD6D6B1A0BFADD00C309FB</string>
			</array>
			<key>isa</key>
			<string>PBXGroup</string>
			<key>name</key>
			<string>Controllers</string>
			<key>sourceTree</key>
			<string>&lt;group&gt;</string>
		</dict>
		<key>52BE14DF1A08007D0090A2B0</key>
		<dict>
			<key>children</key>
			<array>
				<string>52BE14E01A0800EC0090A2B0</string>
				<string>52BE14E11A0800EC0090A2B0</string>
				<string>52BE14E61A08015D0090A2B0</string>
				<string>52BE14E71A08015D0090A2B0</string>
				<string>52BE14E21A0800EC0090A2B0</string>
				<string>52BE14E31A0800EC0090A2B0</string>
				<string>84F8158B1A09AD3700179034</string>
				<string>84F8158C1A09AD3800179034</string>
			</array>
			<key>isa</key>
			<string>PBXGroup</string>
			<key>name</key>
			<string>Views</string>
			<key>sourceTree</key>
			<string>&lt;group&gt;</string>
		</dict>
		<key>52BE14E01A0800EC0090A2B0</key>
		<dict>
			<key>fileEncoding</key>
			<string>4</string>
			<key>isa</key>
			<string>PBXFileReference</string>
			<key>lastKnownFileType</key>
			<string>sourcecode.c.h</string>
			<key>path</key>
			<string>DraggableView.h</string>
			<key>sourceTree</key>
			<string>&lt;group&gt;</string>
		</dict>
		<key>52BE14E11A0800EC0090A2B0</key>
		<dict>
			<key>fileEncoding</key>
			<string>4</string>
			<key>isa</key>
			<string>PBXFileReference</string>
			<key>lastKnownFileType</key>
			<string>sourcecode.c.objc</string>
			<key>path</key>
			<string>DraggableView.m</string>
			<key>sourceTree</key>
			<string>&lt;group&gt;</string>
		</dict>
		<key>52BE14E21A0800EC0090A2B0</key>
		<dict>
			<key>fileEncoding</key>
			<string>4</string>
			<key>isa</key>
			<string>PBXFileReference</string>
			<key>lastKnownFileType</key>
			<string>sourcecode.c.h</string>
			<key>path</key>
			<string>DraggableViewBackground.h</string>
			<key>sourceTree</key>
			<string>&lt;group&gt;</string>
		</dict>
		<key>52BE14E31A0800EC0090A2B0</key>
		<dict>
			<key>fileEncoding</key>
			<string>4</string>
			<key>isa</key>
			<string>PBXFileReference</string>
			<key>lastKnownFileType</key>
			<string>sourcecode.c.objc</string>
			<key>path</key>
			<string>DraggableViewBackground.m</string>
			<key>sourceTree</key>
			<string>&lt;group&gt;</string>
		</dict>
		<key>52BE14E41A0800EC0090A2B0</key>
		<dict>
			<key>fileRef</key>
			<string>52BE14E11A0800EC0090A2B0</string>
			<key>isa</key>
			<string>PBXBuildFile</string>
		</dict>
		<key>52BE14E51A0800EC0090A2B0</key>
		<dict>
			<key>fileRef</key>
			<string>52BE14E31A0800EC0090A2B0</string>
			<key>isa</key>
			<string>PBXBuildFile</string>
		</dict>
		<key>52BE14E61A08015D0090A2B0</key>
		<dict>
			<key>fileEncoding</key>
			<string>4</string>
			<key>isa</key>
			<string>PBXFileReference</string>
			<key>lastKnownFileType</key>
			<string>sourcecode.c.h</string>
			<key>path</key>
			<string>OverlayView.h</string>
			<key>sourceTree</key>
			<string>&lt;group&gt;</string>
		</dict>
		<key>52BE14E71A08015D0090A2B0</key>
		<dict>
			<key>fileEncoding</key>
			<string>4</string>
			<key>isa</key>
			<string>PBXFileReference</string>
			<key>lastKnownFileType</key>
			<string>sourcecode.c.objc</string>
			<key>path</key>
			<string>OverlayView.m</string>
			<key>sourceTree</key>
			<string>&lt;group&gt;</string>
		</dict>
		<key>52BE14E81A08015D0090A2B0</key>
		<dict>
			<key>fileRef</key>
			<string>52BE14E71A08015D0090A2B0</string>
			<key>isa</key>
			<string>PBXBuildFile</string>
		</dict>
		<key>53B213EEE83B7AA0ECC2B4AF</key>
		<dict>
			<key>explicitFileType</key>
			<string>archive.ar</string>
			<key>includeInIndex</key>
			<string>0</string>
			<key>isa</key>
			<string>PBXFileReference</string>
			<key>path</key>
			<string>libPods-Swapr.a</string>
			<key>sourceTree</key>
			<string>BUILT_PRODUCTS_DIR</string>
		</dict>
		<key>66E97C76AFEC8D232A475C4F</key>
		<dict>
			<key>children</key>
			<array>
				<string>4C5663363ECA556894ED967F</string>
				<string>DED9770E54DBD23118AD08B6</string>
			</array>
			<key>isa</key>
			<string>PBXGroup</string>
			<key>name</key>
			<string>Pods</string>
			<key>sourceTree</key>
			<string>&lt;group&gt;</string>
		</dict>
		<key>845166D01A07FED6004663DE</key>
		<dict>
			<key>children</key>
			<array>
				<string>845166DB1A07FED6004663DE</string>
				<string>845166F51A07FED6004663DE</string>
				<string>845166DA1A07FED6004663DE</string>
				<string>5245BDC91A0827C9003353F7</string>
				<string>66E97C76AFEC8D232A475C4F</string>
			</array>
			<key>isa</key>
			<string>PBXGroup</string>
			<key>sourceTree</key>
			<string>&lt;group&gt;</string>
		</dict>
		<key>845166D11A07FED6004663DE</key>
		<dict>
			<key>attributes</key>
			<dict>
				<key>LastUpgradeCheck</key>
				<string>0610</string>
				<key>ORGANIZATIONNAME</key>
				<string>J and T</string>
				<key>TargetAttributes</key>
				<dict>
					<key>845166D81A07FED6004663DE</key>
					<dict>
						<key>CreatedOnToolsVersion</key>
						<string>6.1</string>
					</dict>
					<key>845166F11A07FED6004663DE</key>
					<dict>
						<key>CreatedOnToolsVersion</key>
						<string>6.1</string>
						<key>TestTargetID</key>
						<string>845166D81A07FED6004663DE</string>
					</dict>
				</dict>
			</dict>
			<key>buildConfigurationList</key>
			<string>845166D41A07FED6004663DE</string>
			<key>compatibilityVersion</key>
			<string>Xcode 3.2</string>
			<key>developmentRegion</key>
			<string>English</string>
			<key>hasScannedForEncodings</key>
			<string>0</string>
			<key>isa</key>
			<string>PBXProject</string>
			<key>knownRegions</key>
			<array>
				<string>en</string>
				<string>Base</string>
			</array>
			<key>mainGroup</key>
			<string>845166D01A07FED6004663DE</string>
			<key>productRefGroup</key>
			<string>845166DA1A07FED6004663DE</string>
			<key>projectDirPath</key>
			<string></string>
			<key>projectReferences</key>
			<array/>
			<key>projectRoot</key>
			<string></string>
			<key>targets</key>
			<array>
				<string>845166D81A07FED6004663DE</string>
				<string>845166F11A07FED6004663DE</string>
			</array>
		</dict>
		<key>845166D41A07FED6004663DE</key>
		<dict>
			<key>buildConfigurations</key>
			<array>
				<string>845166FA1A07FED6004663DE</string>
				<string>845166FB1A07FED6004663DE</string>
			</array>
			<key>defaultConfigurationIsVisible</key>
			<string>0</string>
			<key>defaultConfigurationName</key>
			<string>Release</string>
			<key>isa</key>
			<string>XCConfigurationList</string>
		</dict>
		<key>845166D51A07FED6004663DE</key>
		<dict>
			<key>buildActionMask</key>
			<string>2147483647</string>
			<key>files</key>
			<array>
				<string>84977C6B1A0F574A00A70DA1</string>
				<string>845166E21A07FED6004663DE</string>
				<string>84977C681A0F29C200A70DA1</string>
				<string>8461CE291A08172C00BB3525</string>
				<string>84F8158D1A09AD3800179034</string>
				<string>52BE14E81A08015D0090A2B0</string>
				<string>5200262C1A086D7B003DC9C9</string>
				<string>52BE14DB1A0800280090A2B0</string>
				<string>8451670A1A080FC4004663DE</string>
				<string>52BD6D6C1A0BFADD00C309FB</string>
				<string>52BE14E41A0800EC0090A2B0</string>
				<string>84977C8A1A10BC1200A70DA1</string>
				<string>5200267A1A0953B2003DC9C9</string>
				<string>84977C601A0EEA2F00A70DA1</string>
				<string>845166DF1A07FED6004663DE</string>
				<string>52BD6D6F1A0C616D00C309FB</string>
				<string>520026271A084C37003DC9C9</string>
				<string>8461CE261A0816FA00BB3525</string>
				<string>52BE14E51A0800EC0090A2B0</string>
			</array>
			<key>isa</key>
			<string>PBXSourcesBuildPhase</string>
			<key>runOnlyForDeploymentPostprocessing</key>
			<string>0</string>
		</dict>
		<key>845166D61A07FED6004663DE</key>
		<dict>
			<key>buildActionMask</key>
			<string>2147483647</string>
			<key>files</key>
			<array>
				<string>84977C621A0F246F00A70DA1</string>
				<string>5245BDC81A0827C4003353F7</string>
				<string>5245BDC61A0827B9003353F7</string>
				<string>5245BDC41A0827B0003353F7</string>
				<string>5245BDCB1A08289D003353F7</string>
				<string>5245BDC21A0827A8003353F7</string>
				<string>5245BDC01A08279E003353F7</string>
				<string>5245BDBE1A082794003353F7</string>
				<string>5245BDBC1A082782003353F7</string>
				<string>5245BDBA1A08277E003353F7</string>
				<string>5245BDB81A082774003353F7</string>
				<string>5245BDB61A08276E003353F7</string>
				<string>5245BDB41A082593003353F7</string>
				<string>382000197DE11E04ABBF8895</string>
			</array>
			<key>isa</key>
			<string>PBXFrameworksBuildPhase</string>
			<key>runOnlyForDeploymentPostprocessing</key>
			<string>0</string>
		</dict>
		<key>845166D71A07FED6004663DE</key>
		<dict>
			<key>buildActionMask</key>
			<string>2147483647</string>
			<key>files</key>
			<array>
				<string>84F8159D1A0C45F700179034</string>
				<string>845166ED1A07FED6004663DE</string>
				<string>845166EA1A07FED6004663DE</string>
				<string>84F8159F1A0C481100179034</string>
				<string>5200267D1A09CBF8003DC9C9</string>
			</array>
			<key>isa</key>
			<string>PBXResourcesBuildPhase</string>
			<key>runOnlyForDeploymentPostprocessing</key>
			<string>0</string>
		</dict>
		<key>845166D81A07FED6004663DE</key>
		<dict>
			<key>buildConfigurationList</key>
			<string>845166FC1A07FED6004663DE</string>
			<key>buildPhases</key>
			<array>
				<string>ED37DFFC4B641DACF81400C3</string>
				<string>845166D51A07FED6004663DE</string>
				<string>845166D61A07FED6004663DE</string>
				<string>845166D71A07FED6004663DE</string>
				<string>F45027048428550D85A835DA</string>
			</array>
			<key>buildRules</key>
			<array/>
			<key>dependencies</key>
			<array/>
			<key>isa</key>
			<string>PBXNativeTarget</string>
			<key>name</key>
			<string>Swapr</string>
			<key>productName</key>
			<string>Swipr</string>
			<key>productReference</key>
			<string>845166D91A07FED6004663DE</string>
			<key>productType</key>
			<string>com.apple.product-type.application</string>
		</dict>
		<key>845166D91A07FED6004663DE</key>
		<dict>
			<key>explicitFileType</key>
			<string>wrapper.application</string>
			<key>includeInIndex</key>
			<string>0</string>
			<key>isa</key>
			<string>PBXFileReference</string>
			<key>path</key>
			<string>Swapr.app</string>
			<key>sourceTree</key>
			<string>BUILT_PRODUCTS_DIR</string>
		</dict>
		<key>845166DA1A07FED6004663DE</key>
		<dict>
			<key>children</key>
			<array>
				<string>845166D91A07FED6004663DE</string>
				<string>845166F21A07FED6004663DE</string>
			</array>
			<key>isa</key>
			<string>PBXGroup</string>
			<key>name</key>
			<string>Products</string>
			<key>sourceTree</key>
			<string>&lt;group&gt;</string>
		</dict>
		<key>845166DB1A07FED6004663DE</key>
		<dict>
			<key>children</key>
			<array>
				<string>52BE14DF1A08007D0090A2B0</string>
				<string>52BE14DD1A0800650090A2B0</string>
				<string>8484DF8D1A086302006C5FC7</string>
				<string>845166E91A07FED6004663DE</string>
				<string>84F8159C1A0C45F700179034</string>
				<string>84F8159E1A0C481100179034</string>
				<string>5200267B1A09CBF8003DC9C9</string>
				<string>84977C881A10BC1200A70DA1</string>
				<string>84977C891A10BC1200A70DA1</string>
				<string>845166EB1A07FED6004663DE</string>
				<string>845166DC1A07FED6004663DE</string>
			</array>
			<key>isa</key>
			<string>PBXGroup</string>
			<key>path</key>
			<string>Swipr</string>
			<key>sourceTree</key>
			<string>&lt;group&gt;</string>
		</dict>
		<key>845166DC1A07FED6004663DE</key>
		<dict>
			<key>children</key>
			<array>
				<string>84F8158E1A09ADD800179034</string>
				<string>845166E01A07FED6004663DE</string>
				<string>845166E11A07FED6004663DE</string>
				<string>845166DD1A07FED6004663DE</string>
				<string>845166DE1A07FED6004663DE</string>
			</array>
			<key>isa</key>
			<string>PBXGroup</string>
			<key>name</key>
			<string>Supporting Files</string>
			<key>sourceTree</key>
			<string>&lt;group&gt;</string>
		</dict>
		<key>845166DD1A07FED6004663DE</key>
		<dict>
			<key>isa</key>
			<string>PBXFileReference</string>
			<key>lastKnownFileType</key>
			<string>text.plist.xml</string>
			<key>path</key>
			<string>Info.plist</string>
			<key>sourceTree</key>
			<string>&lt;group&gt;</string>
		</dict>
		<key>845166DE1A07FED6004663DE</key>
		<dict>
			<key>isa</key>
			<string>PBXFileReference</string>
			<key>lastKnownFileType</key>
			<string>sourcecode.c.objc</string>
			<key>path</key>
			<string>main.m</string>
			<key>sourceTree</key>
			<string>&lt;group&gt;</string>
		</dict>
		<key>845166DF1A07FED6004663DE</key>
		<dict>
			<key>fileRef</key>
			<string>845166DE1A07FED6004663DE</string>
			<key>isa</key>
			<string>PBXBuildFile</string>
		</dict>
		<key>845166E01A07FED6004663DE</key>
		<dict>
			<key>isa</key>
			<string>PBXFileReference</string>
			<key>lastKnownFileType</key>
			<string>sourcecode.c.h</string>
			<key>path</key>
			<string>AppDelegate.h</string>
			<key>sourceTree</key>
			<string>&lt;group&gt;</string>
		</dict>
		<key>845166E11A07FED6004663DE</key>
		<dict>
			<key>isa</key>
			<string>PBXFileReference</string>
			<key>lastKnownFileType</key>
			<string>sourcecode.c.objc</string>
			<key>path</key>
			<string>AppDelegate.m</string>
			<key>sourceTree</key>
			<string>&lt;group&gt;</string>
		</dict>
		<key>845166E21A07FED6004663DE</key>
		<dict>
			<key>fileRef</key>
			<string>845166E11A07FED6004663DE</string>
			<key>isa</key>
			<string>PBXBuildFile</string>
		</dict>
		<key>845166E91A07FED6004663DE</key>
		<dict>
			<key>isa</key>
			<string>PBXFileReference</string>
			<key>lastKnownFileType</key>
			<string>folder.assetcatalog</string>
			<key>path</key>
			<string>Images.xcassets</string>
			<key>sourceTree</key>
			<string>&lt;group&gt;</string>
		</dict>
		<key>845166EA1A07FED6004663DE</key>
		<dict>
			<key>fileRef</key>
			<string>845166E91A07FED6004663DE</string>
			<key>isa</key>
			<string>PBXBuildFile</string>
		</dict>
		<key>845166EB1A07FED6004663DE</key>
		<dict>
			<key>children</key>
			<array>
				<string>845166EC1A07FED6004663DE</string>
			</array>
			<key>isa</key>
			<string>PBXVariantGroup</string>
			<key>name</key>
			<string>LaunchScreen.xib</string>
			<key>sourceTree</key>
			<string>&lt;group&gt;</string>
		</dict>
		<key>845166EC1A07FED6004663DE</key>
		<dict>
			<key>isa</key>
			<string>PBXFileReference</string>
			<key>lastKnownFileType</key>
			<string>file.xib</string>
			<key>name</key>
			<string>Base</string>
			<key>path</key>
			<string>Base.lproj/LaunchScreen.xib</string>
			<key>sourceTree</key>
			<string>&lt;group&gt;</string>
		</dict>
		<key>845166ED1A07FED6004663DE</key>
		<dict>
			<key>fileRef</key>
			<string>845166EB1A07FED6004663DE</string>
			<key>isa</key>
			<string>PBXBuildFile</string>
		</dict>
		<key>845166EE1A07FED6004663DE</key>
		<dict>
			<key>buildActionMask</key>
			<string>2147483647</string>
			<key>files</key>
			<array>
				<string>845166F91A07FED6004663DE</string>
			</array>
			<key>isa</key>
			<string>PBXSourcesBuildPhase</string>
			<key>runOnlyForDeploymentPostprocessing</key>
			<string>0</string>
		</dict>
		<key>845166EF1A07FED6004663DE</key>
		<dict>
			<key>buildActionMask</key>
			<string>2147483647</string>
			<key>files</key>
			<array/>
			<key>isa</key>
			<string>PBXFrameworksBuildPhase</string>
			<key>runOnlyForDeploymentPostprocessing</key>
			<string>0</string>
		</dict>
		<key>845166F01A07FED6004663DE</key>
		<dict>
			<key>buildActionMask</key>
			<string>2147483647</string>
			<key>files</key>
			<array/>
			<key>isa</key>
			<string>PBXResourcesBuildPhase</string>
			<key>runOnlyForDeploymentPostprocessing</key>
			<string>0</string>
		</dict>
		<key>845166F11A07FED6004663DE</key>
		<dict>
			<key>buildConfigurationList</key>
			<string>845166FF1A07FED6004663DE</string>
			<key>buildPhases</key>
			<array>
				<string>845166EE1A07FED6004663DE</string>
				<string>845166EF1A07FED6004663DE</string>
				<string>845166F01A07FED6004663DE</string>
			</array>
			<key>buildRules</key>
			<array/>
			<key>dependencies</key>
			<array>
				<string>845166F41A07FED6004663DE</string>
			</array>
			<key>isa</key>
			<string>PBXNativeTarget</string>
			<key>name</key>
			<string>SwiprTests</string>
			<key>productName</key>
			<string>SwiprTests</string>
			<key>productReference</key>
			<string>845166F21A07FED6004663DE</string>
			<key>productType</key>
			<string>com.apple.product-type.bundle.unit-test</string>
		</dict>
		<key>845166F21A07FED6004663DE</key>
		<dict>
			<key>explicitFileType</key>
			<string>wrapper.cfbundle</string>
			<key>includeInIndex</key>
			<string>0</string>
			<key>isa</key>
			<string>PBXFileReference</string>
			<key>path</key>
			<string>SwiprTests.xctest</string>
			<key>sourceTree</key>
			<string>BUILT_PRODUCTS_DIR</string>
		</dict>
		<key>845166F31A07FED6004663DE</key>
		<dict>
			<key>containerPortal</key>
			<string>845166D11A07FED6004663DE</string>
			<key>isa</key>
			<string>PBXContainerItemProxy</string>
			<key>proxyType</key>
			<string>1</string>
			<key>remoteGlobalIDString</key>
			<string>845166D81A07FED6004663DE</string>
			<key>remoteInfo</key>
			<string>Swipr</string>
		</dict>
		<key>845166F41A07FED6004663DE</key>
		<dict>
			<key>isa</key>
			<string>PBXTargetDependency</string>
			<key>target</key>
			<string>845166D81A07FED6004663DE</string>
			<key>targetProxy</key>
			<string>845166F31A07FED6004663DE</string>
		</dict>
		<key>845166F51A07FED6004663DE</key>
		<dict>
			<key>children</key>
			<array>
				<string>845166F81A07FED6004663DE</string>
				<string>845166F61A07FED6004663DE</string>
			</array>
			<key>isa</key>
			<string>PBXGroup</string>
			<key>path</key>
			<string>SwiprTests</string>
			<key>sourceTree</key>
			<string>&lt;group&gt;</string>
		</dict>
		<key>845166F61A07FED6004663DE</key>
		<dict>
			<key>children</key>
			<array>
				<string>845166F71A07FED6004663DE</string>
			</array>
			<key>isa</key>
			<string>PBXGroup</string>
			<key>name</key>
			<string>Supporting Files</string>
			<key>sourceTree</key>
			<string>&lt;group&gt;</string>
		</dict>
		<key>845166F71A07FED6004663DE</key>
		<dict>
			<key>isa</key>
			<string>PBXFileReference</string>
			<key>lastKnownFileType</key>
			<string>text.plist.xml</string>
			<key>path</key>
			<string>Info.plist</string>
			<key>sourceTree</key>
			<string>&lt;group&gt;</string>
		</dict>
		<key>845166F81A07FED6004663DE</key>
		<dict>
			<key>isa</key>
			<string>PBXFileReference</string>
			<key>lastKnownFileType</key>
			<string>sourcecode.c.objc</string>
			<key>path</key>
			<string>SwiprTests.m</string>
			<key>sourceTree</key>
			<string>&lt;group&gt;</string>
		</dict>
		<key>845166F91A07FED6004663DE</key>
		<dict>
			<key>fileRef</key>
			<string>845166F81A07FED6004663DE</string>
			<key>isa</key>
			<string>PBXBuildFile</string>
		</dict>
		<key>845166FA1A07FED6004663DE</key>
		<dict>
			<key>buildSettings</key>
			<dict>
				<key>ALWAYS_SEARCH_USER_PATHS</key>
				<string>NO</string>
				<key>CLANG_CXX_LANGUAGE_STANDARD</key>
				<string>gnu++0x</string>
				<key>CLANG_CXX_LIBRARY</key>
				<string>libc++</string>
				<key>CLANG_ENABLE_MODULES</key>
				<string>YES</string>
				<key>CLANG_ENABLE_OBJC_ARC</key>
				<string>YES</string>
				<key>CLANG_WARN_BOOL_CONVERSION</key>
				<string>YES</string>
				<key>CLANG_WARN_CONSTANT_CONVERSION</key>
				<string>YES</string>
				<key>CLANG_WARN_DIRECT_OBJC_ISA_USAGE</key>
				<string>YES_ERROR</string>
				<key>CLANG_WARN_EMPTY_BODY</key>
				<string>YES</string>
				<key>CLANG_WARN_ENUM_CONVERSION</key>
				<string>YES</string>
				<key>CLANG_WARN_INT_CONVERSION</key>
				<string>YES</string>
				<key>CLANG_WARN_OBJC_ROOT_CLASS</key>
				<string>YES_ERROR</string>
				<key>CLANG_WARN_UNREACHABLE_CODE</key>
				<string>YES</string>
				<key>CLANG_WARN__DUPLICATE_METHOD_MATCH</key>
				<string>YES</string>
				<key>CODE_SIGN_IDENTITY[sdk=iphoneos*]</key>
				<string>iPhone Developer</string>
				<key>COPY_PHASE_STRIP</key>
				<string>NO</string>
				<key>ENABLE_STRICT_OBJC_MSGSEND</key>
				<string>YES</string>
				<key>GCC_C_LANGUAGE_STANDARD</key>
				<string>gnu99</string>
				<key>GCC_DYNAMIC_NO_PIC</key>
				<string>NO</string>
				<key>GCC_OPTIMIZATION_LEVEL</key>
				<string>0</string>
				<key>GCC_PREPROCESSOR_DEFINITIONS</key>
				<array>
					<string>DEBUG=1</string>
					<string>$(inherited)</string>
				</array>
				<key>GCC_SYMBOLS_PRIVATE_EXTERN</key>
				<string>NO</string>
				<key>GCC_WARN_64_TO_32_BIT_CONVERSION</key>
				<string>YES</string>
				<key>GCC_WARN_ABOUT_RETURN_TYPE</key>
				<string>YES_ERROR</string>
				<key>GCC_WARN_UNDECLARED_SELECTOR</key>
				<string>YES</string>
				<key>GCC_WARN_UNINITIALIZED_AUTOS</key>
				<string>YES_AGGRESSIVE</string>
				<key>GCC_WARN_UNUSED_FUNCTION</key>
				<string>YES</string>
				<key>GCC_WARN_UNUSED_VARIABLE</key>
				<string>YES</string>
				<key>IPHONEOS_DEPLOYMENT_TARGET</key>
				<string>8.1</string>
				<key>MTL_ENABLE_DEBUG_INFO</key>
				<string>YES</string>
				<key>ONLY_ACTIVE_ARCH</key>
				<string>YES</string>
				<key>SDKROOT</key>
				<string>iphoneos</string>
			</dict>
			<key>isa</key>
			<string>XCBuildConfiguration</string>
			<key>name</key>
			<string>Debug</string>
		</dict>
		<key>845166FB1A07FED6004663DE</key>
		<dict>
			<key>buildSettings</key>
			<dict>
				<key>ALWAYS_SEARCH_USER_PATHS</key>
				<string>NO</string>
				<key>CLANG_CXX_LANGUAGE_STANDARD</key>
				<string>gnu++0x</string>
				<key>CLANG_CXX_LIBRARY</key>
				<string>libc++</string>
				<key>CLANG_ENABLE_MODULES</key>
				<string>YES</string>
				<key>CLANG_ENABLE_OBJC_ARC</key>
				<string>YES</string>
				<key>CLANG_WARN_BOOL_CONVERSION</key>
				<string>YES</string>
				<key>CLANG_WARN_CONSTANT_CONVERSION</key>
				<string>YES</string>
				<key>CLANG_WARN_DIRECT_OBJC_ISA_USAGE</key>
				<string>YES_ERROR</string>
				<key>CLANG_WARN_EMPTY_BODY</key>
				<string>YES</string>
				<key>CLANG_WARN_ENUM_CONVERSION</key>
				<string>YES</string>
				<key>CLANG_WARN_INT_CONVERSION</key>
				<string>YES</string>
				<key>CLANG_WARN_OBJC_ROOT_CLASS</key>
				<string>YES_ERROR</string>
				<key>CLANG_WARN_UNREACHABLE_CODE</key>
				<string>YES</string>
				<key>CLANG_WARN__DUPLICATE_METHOD_MATCH</key>
				<string>YES</string>
				<key>CODE_SIGN_IDENTITY[sdk=iphoneos*]</key>
				<string>iPhone Developer</string>
				<key>COPY_PHASE_STRIP</key>
				<string>YES</string>
				<key>ENABLE_NS_ASSERTIONS</key>
				<string>NO</string>
				<key>ENABLE_STRICT_OBJC_MSGSEND</key>
				<string>YES</string>
				<key>GCC_C_LANGUAGE_STANDARD</key>
				<string>gnu99</string>
				<key>GCC_WARN_64_TO_32_BIT_CONVERSION</key>
				<string>YES</string>
				<key>GCC_WARN_ABOUT_RETURN_TYPE</key>
				<string>YES_ERROR</string>
				<key>GCC_WARN_UNDECLARED_SELECTOR</key>
				<string>YES</string>
				<key>GCC_WARN_UNINITIALIZED_AUTOS</key>
				<string>YES_AGGRESSIVE</string>
				<key>GCC_WARN_UNUSED_FUNCTION</key>
				<string>YES</string>
				<key>GCC_WARN_UNUSED_VARIABLE</key>
				<string>YES</string>
				<key>IPHONEOS_DEPLOYMENT_TARGET</key>
				<string>8.1</string>
				<key>MTL_ENABLE_DEBUG_INFO</key>
				<string>NO</string>
				<key>SDKROOT</key>
				<string>iphoneos</string>
				<key>VALIDATE_PRODUCT</key>
				<string>YES</string>
			</dict>
			<key>isa</key>
			<string>XCBuildConfiguration</string>
			<key>name</key>
			<string>Release</string>
		</dict>
		<key>845166FC1A07FED6004663DE</key>
		<dict>
			<key>buildConfigurations</key>
			<array>
				<string>845166FD1A07FED6004663DE</string>
				<string>845166FE1A07FED6004663DE</string>
			</array>
			<key>defaultConfigurationIsVisible</key>
			<string>0</string>
			<key>defaultConfigurationName</key>
			<string>Release</string>
			<key>isa</key>
			<string>XCConfigurationList</string>
		</dict>
		<key>845166FD1A07FED6004663DE</key>
		<dict>
			<key>baseConfigurationReference</key>
			<string>4C5663363ECA556894ED967F</string>
			<key>buildSettings</key>
			<dict>
				<key>ASSETCATALOG_COMPILER_APPICON_NAME</key>
				<string>AppIcon</string>
				<key>CODE_SIGN_IDENTITY</key>
				<string>iPhone Developer</string>
				<key>FRAMEWORK_SEARCH_PATHS</key>
				<array>
					<string>$(inherited)</string>
					<string>$(PROJECT_DIR)</string>
				</array>
				<key>INFOPLIST_FILE</key>
				<string>Swipr/Info.plist</string>
				<key>IPHONEOS_DEPLOYMENT_TARGET</key>
				<string>7.1</string>
				<key>LD_RUNPATH_SEARCH_PATHS</key>
				<string>$(inherited) @executable_path/Frameworks</string>
				<key>PRODUCT_NAME</key>
				<string>$(TARGET_NAME)</string>
			</dict>
			<key>isa</key>
			<string>XCBuildConfiguration</string>
			<key>name</key>
			<string>Debug</string>
		</dict>
		<key>845166FE1A07FED6004663DE</key>
		<dict>
			<key>baseConfigurationReference</key>
			<string>DED9770E54DBD23118AD08B6</string>
			<key>buildSettings</key>
			<dict>
				<key>ASSETCATALOG_COMPILER_APPICON_NAME</key>
				<string>AppIcon</string>
				<key>CODE_SIGN_IDENTITY</key>
				<string>iPhone Developer</string>
				<key>FRAMEWORK_SEARCH_PATHS</key>
				<array>
					<string>$(inherited)</string>
					<string>$(PROJECT_DIR)</string>
				</array>
				<key>INFOPLIST_FILE</key>
				<string>Swipr/Info.plist</string>
				<key>IPHONEOS_DEPLOYMENT_TARGET</key>
				<string>7.1</string>
				<key>LD_RUNPATH_SEARCH_PATHS</key>
				<string>$(inherited) @executable_path/Frameworks</string>
				<key>PRODUCT_NAME</key>
				<string>$(TARGET_NAME)</string>
			</dict>
			<key>isa</key>
			<string>XCBuildConfiguration</string>
			<key>name</key>
			<string>Release</string>
		</dict>
		<key>845166FF1A07FED6004663DE</key>
		<dict>
			<key>buildConfigurations</key>
			<array>
				<string>845167001A07FED6004663DE</string>
				<string>845167011A07FED6004663DE</string>
			</array>
			<key>defaultConfigurationIsVisible</key>
			<string>0</string>
			<key>defaultConfigurationName</key>
			<string>Release</string>
			<key>isa</key>
			<string>XCConfigurationList</string>
		</dict>
		<key>845167001A07FED6004663DE</key>
		<dict>
			<key>buildSettings</key>
			<dict>
				<key>BUNDLE_LOADER</key>
				<string>$(TEST_HOST)</string>
				<key>FRAMEWORK_SEARCH_PATHS</key>
				<array>
					<string>$(SDKROOT)/Developer/Library/Frameworks</string>
					<string>$(inherited)</string>
				</array>
				<key>GCC_PREPROCESSOR_DEFINITIONS</key>
				<array>
					<string>DEBUG=1</string>
					<string>$(inherited)</string>
				</array>
				<key>INFOPLIST_FILE</key>
				<string>SwiprTests/Info.plist</string>
				<key>LD_RUNPATH_SEARCH_PATHS</key>
				<string>$(inherited) @executable_path/Frameworks @loader_path/Frameworks</string>
				<key>PRODUCT_NAME</key>
				<string>$(TARGET_NAME)</string>
				<key>TEST_HOST</key>
				<string>$(BUILT_PRODUCTS_DIR)/Swipr.app/Swipr</string>
			</dict>
			<key>isa</key>
			<string>XCBuildConfiguration</string>
			<key>name</key>
			<string>Debug</string>
		</dict>
		<key>845167011A07FED6004663DE</key>
		<dict>
			<key>buildSettings</key>
			<dict>
				<key>BUNDLE_LOADER</key>
				<string>$(TEST_HOST)</string>
				<key>FRAMEWORK_SEARCH_PATHS</key>
				<array>
					<string>$(SDKROOT)/Developer/Library/Frameworks</string>
					<string>$(inherited)</string>
				</array>
				<key>INFOPLIST_FILE</key>
				<string>SwiprTests/Info.plist</string>
				<key>LD_RUNPATH_SEARCH_PATHS</key>
				<string>$(inherited) @executable_path/Frameworks @loader_path/Frameworks</string>
				<key>PRODUCT_NAME</key>
				<string>$(TARGET_NAME)</string>
				<key>TEST_HOST</key>
				<string>$(BUILT_PRODUCTS_DIR)/Swipr.app/Swipr</string>
			</dict>
			<key>isa</key>
			<string>XCBuildConfiguration</string>
			<key>name</key>
			<string>Release</string>
		</dict>
		<key>845167081A080FC4004663DE</key>
		<dict>
			<key>fileEncoding</key>
			<string>4</string>
			<key>isa</key>
			<string>PBXFileReference</string>
			<key>lastKnownFileType</key>
			<string>sourcecode.c.h</string>
			<key>path</key>
			<string>UserItemsTableViewController.h</string>
			<key>sourceTree</key>
			<string>&lt;group&gt;</string>
		</dict>
		<key>845167091A080FC4004663DE</key>
		<dict>
			<key>fileEncoding</key>
			<string>4</string>
			<key>isa</key>
			<string>PBXFileReference</string>
			<key>lastKnownFileType</key>
			<string>sourcecode.c.objc</string>
			<key>path</key>
			<string>UserItemsTableViewController.m</string>
			<key>sourceTree</key>
			<string>&lt;group&gt;</string>
		</dict>
		<key>8451670A1A080FC4004663DE</key>
		<dict>
			<key>fileRef</key>
			<string>845167091A080FC4004663DE</string>
			<key>isa</key>
			<string>PBXBuildFile</string>
		</dict>
		<key>8461CE241A0816FA00BB3525</key>
		<dict>
			<key>fileEncoding</key>
			<string>4</string>
			<key>isa</key>
			<string>PBXFileReference</string>
			<key>lastKnownFileType</key>
			<string>sourcecode.c.h</string>
			<key>path</key>
			<string>ItemDetailViewController.h</string>
			<key>sourceTree</key>
			<string>&lt;group&gt;</string>
		</dict>
		<key>8461CE251A0816FA00BB3525</key>
		<dict>
			<key>fileEncoding</key>
			<string>4</string>
			<key>isa</key>
			<string>PBXFileReference</string>
			<key>lastKnownFileType</key>
			<string>sourcecode.c.objc</string>
			<key>path</key>
			<string>ItemDetailViewController.m</string>
			<key>sourceTree</key>
			<string>&lt;group&gt;</string>
		</dict>
		<key>8461CE261A0816FA00BB3525</key>
		<dict>
			<key>fileRef</key>
			<string>8461CE251A0816FA00BB3525</string>
			<key>isa</key>
			<string>PBXBuildFile</string>
		</dict>
		<key>8461CE271A08172C00BB3525</key>
		<dict>
			<key>fileEncoding</key>
			<string>4</string>
			<key>isa</key>
			<string>PBXFileReference</string>
			<key>lastKnownFileType</key>
			<string>sourcecode.c.h</string>
			<key>path</key>
			<string>ProfileViewController.h</string>
			<key>sourceTree</key>
			<string>&lt;group&gt;</string>
		</dict>
		<key>8461CE281A08172C00BB3525</key>
		<dict>
			<key>fileEncoding</key>
			<string>4</string>
			<key>isa</key>
			<string>PBXFileReference</string>
			<key>lastKnownFileType</key>
			<string>sourcecode.c.objc</string>
			<key>path</key>
			<string>ProfileViewController.m</string>
			<key>sourceTree</key>
			<string>&lt;group&gt;</string>
		</dict>
		<key>8461CE291A08172C00BB3525</key>
		<dict>
			<key>fileRef</key>
			<string>8461CE281A08172C00BB3525</string>
			<key>isa</key>
			<string>PBXBuildFile</string>
		</dict>
		<key>8484DF8D1A086302006C5FC7</key>
		<dict>
			<key>children</key>
			<array>
				<string>52BD6D6D1A0C616D00C309FB</string>
				<string>52BD6D6E1A0C616D00C309FB</string>
			</array>
			<key>isa</key>
			<string>PBXGroup</string>
			<key>name</key>
			<string>Model</string>
			<key>sourceTree</key>
			<string>&lt;group&gt;</string>
		</dict>
		<key>84977C5E1A0EEA2F00A70DA1</key>
		<dict>
			<key>fileEncoding</key>
			<string>4</string>
			<key>isa</key>
			<string>PBXFileReference</string>
			<key>lastKnownFileType</key>
			<string>sourcecode.c.h</string>
			<key>path</key>
			<string>TabLandingViewController.h</string>
			<key>sourceTree</key>
			<string>&lt;group&gt;</string>
		</dict>
		<key>84977C5F1A0EEA2F00A70DA1</key>
		<dict>
			<key>fileEncoding</key>
			<string>4</string>
			<key>isa</key>
			<string>PBXFileReference</string>
			<key>lastKnownFileType</key>
			<string>sourcecode.c.objc</string>
			<key>path</key>
			<string>TabLandingViewController.m</string>
			<key>sourceTree</key>
			<string>&lt;group&gt;</string>
		</dict>
		<key>84977C601A0EEA2F00A70DA1</key>
		<dict>
			<key>fileRef</key>
			<string>84977C5F1A0EEA2F00A70DA1</string>
			<key>isa</key>
			<string>PBXBuildFile</string>
		</dict>
		<key>84977C611A0F246F00A70DA1</key>
		<dict>
			<key>isa</key>
			<string>PBXFileReference</string>
			<key>lastKnownFileType</key>
			<string>wrapper.framework</string>
			<key>name</key>
			<string>MapKit.framework</string>
			<key>path</key>
			<string>System/Library/Frameworks/MapKit.framework</string>
			<key>sourceTree</key>
			<string>SDKROOT</string>
		</dict>
		<key>84977C621A0F246F00A70DA1</key>
		<dict>
			<key>fileRef</key>
			<string>84977C611A0F246F00A70DA1</string>
			<key>isa</key>
			<string>PBXBuildFile</string>
		</dict>
		<key>84977C661A0F29C200A70DA1</key>
		<dict>
			<key>fileEncoding</key>
			<string>4</string>
			<key>isa</key>
			<string>PBXFileReference</string>
			<key>lastKnownFileType</key>
			<string>sourcecode.c.h</string>
			<key>path</key>
			<string>LocationSelectionViewController.h</string>
			<key>sourceTree</key>
			<string>&lt;group&gt;</string>
		</dict>
		<key>84977C671A0F29C200A70DA1</key>
		<dict>
			<key>fileEncoding</key>
			<string>4</string>
			<key>isa</key>
			<string>PBXFileReference</string>
			<key>lastKnownFileType</key>
			<string>sourcecode.c.objc</string>
			<key>path</key>
			<string>LocationSelectionViewController.m</string>
			<key>sourceTree</key>
			<string>&lt;group&gt;</string>
		</dict>
		<key>84977C681A0F29C200A70DA1</key>
		<dict>
			<key>fileRef</key>
			<string>84977C671A0F29C200A70DA1</string>
			<key>isa</key>
			<string>PBXBuildFile</string>
		</dict>
		<key>84977C691A0F574900A70DA1</key>
		<dict>
			<key>fileEncoding</key>
			<string>4</string>
			<key>isa</key>
			<string>PBXFileReference</string>
			<key>lastKnownFileType</key>
			<string>sourcecode.c.h</string>
			<key>name</key>
			<string>FilterTableViewController.h</string>
			<key>path</key>
			<string>../FilterTableViewController.h</string>
			<key>sourceTree</key>
			<string>&lt;group&gt;</string>
		</dict>
		<key>84977C6A1A0F574A00A70DA1</key>
		<dict>
			<key>fileEncoding</key>
			<string>4</string>
			<key>isa</key>
			<string>PBXFileReference</string>
			<key>lastKnownFileType</key>
			<string>sourcecode.c.objc</string>
			<key>name</key>
			<string>FilterTableViewController.m</string>
			<key>path</key>
			<string>../FilterTableViewController.m</string>
			<key>sourceTree</key>
			<string>&lt;group&gt;</string>
		</dict>
		<key>84977C6B1A0F574A00A70DA1</key>
		<dict>
			<key>fileRef</key>
			<string>84977C6A1A0F574A00A70DA1</string>
			<key>isa</key>
			<string>PBXBuildFile</string>
		</dict>
		<key>84977C881A10BC1200A70DA1</key>
		<dict>
			<key>fileEncoding</key>
			<string>4</string>
			<key>isa</key>
			<string>PBXFileReference</string>
			<key>lastKnownFileType</key>
			<string>sourcecode.c.h</string>
			<key>path</key>
			<string>FilterViewController.h</string>
			<key>sourceTree</key>
			<string>&lt;group&gt;</string>
		</dict>
		<key>84977C891A10BC1200A70DA1</key>
		<dict>
			<key>fileEncoding</key>
			<string>4</string>
			<key>isa</key>
			<string>PBXFileReference</string>
			<key>lastKnownFileType</key>
			<string>sourcecode.c.objc</string>
			<key>path</key>
			<string>FilterViewController.m</string>
			<key>sourceTree</key>
			<string>&lt;group&gt;</string>
		</dict>
		<key>84977C8A1A10BC1200A70DA1</key>
		<dict>
			<key>fileRef</key>
			<string>84977C891A10BC1200A70DA1</string>
			<key>isa</key>
			<string>PBXBuildFile</string>
		</dict>
		<key>84F8158B1A09AD3700179034</key>
		<dict>
			<key>fileEncoding</key>
			<string>4</string>
			<key>isa</key>
			<string>PBXFileReference</string>
			<key>lastKnownFileType</key>
			<string>sourcecode.c.h</string>
			<key>path</key>
			<string>ParseTableViewCell.h</string>
			<key>sourceTree</key>
			<string>&lt;group&gt;</string>
		</dict>
		<key>84F8158C1A09AD3800179034</key>
		<dict>
			<key>fileEncoding</key>
			<string>4</string>
			<key>isa</key>
			<string>PBXFileReference</string>
			<key>lastKnownFileType</key>
			<string>sourcecode.c.objc</string>
			<key>path</key>
			<string>ParseTableViewCell.m</string>
			<key>sourceTree</key>
			<string>&lt;group&gt;</string>
		</dict>
		<key>84F8158D1A09AD3800179034</key>
		<dict>
			<key>fileRef</key>
			<string>84F8158C1A09AD3800179034</string>
			<key>isa</key>
			<string>PBXBuildFile</string>
		</dict>
		<key>84F8158E1A09ADD800179034</key>
		<dict>
			<key>fileEncoding</key>
			<string>4</string>
			<key>isa</key>
			<string>PBXFileReference</string>
			<key>lastKnownFileType</key>
			<string>text</string>
			<key>name</key>
			<string>APIdocs</string>
			<key>path</key>
			<string>../APIdocs</string>
			<key>sourceTree</key>
			<string>&lt;group&gt;</string>
		</dict>
		<key>84F8159C1A0C45F700179034</key>
		<dict>
			<key>isa</key>
			<string>PBXFileReference</string>
			<key>lastKnownFileType</key>
			<string>image.png</string>
			<key>path</key>
			<string>gradientLightBackground.png</string>
			<key>sourceTree</key>
			<string>&lt;group&gt;</string>
		</dict>
		<key>84F8159D1A0C45F700179034</key>
		<dict>
			<key>fileRef</key>
			<string>84F8159C1A0C45F700179034</string>
			<key>isa</key>
			<string>PBXBuildFile</string>
		</dict>
		<key>84F8159E1A0C481100179034</key>
		<dict>
			<key>isa</key>
			<string>PBXFileReference</string>
			<key>lastKnownFileType</key>
			<string>image.png</string>
			<key>path</key>
			<string>blueGradient.png</string>
			<key>sourceTree</key>
			<string>&lt;group&gt;</string>
		</dict>
		<key>84F8159F1A0C481100179034</key>
		<dict>
			<key>fileRef</key>
			<string>84F8159E1A0C481100179034</string>
			<key>isa</key>
			<string>PBXBuildFile</string>
		</dict>
		<key>DED9770E54DBD23118AD08B6</key>
		<dict>
			<key>includeInIndex</key>
			<string>1</string>
			<key>isa</key>
			<string>PBXFileReference</string>
			<key>lastKnownFileType</key>
			<string>text.xcconfig</string>
			<key>name</key>
			<string>Pods-Swapr.release.xcconfig</string>
			<key>path</key>
			<string>Pods/Target Support Files/Pods-Swapr/Pods-Swapr.release.xcconfig</string>
			<key>sourceTree</key>
			<string>&lt;group&gt;</string>
		</dict>
		<key>ED37DFFC4B641DACF81400C3</key>
		<dict>
			<key>buildActionMask</key>
			<string>2147483647</string>
			<key>files</key>
			<array/>
			<key>inputPaths</key>
			<array/>
			<key>isa</key>
			<string>PBXShellScriptBuildPhase</string>
			<key>name</key>
			<string>Check Pods Manifest.lock</string>
			<key>outputPaths</key>
			<array/>
			<key>runOnlyForDeploymentPostprocessing</key>
			<string>0</string>
			<key>shellPath</key>
			<string>/bin/sh</string>
			<key>shellScript</key>
			<string>diff "${PODS_ROOT}/../Podfile.lock" "${PODS_ROOT}/Manifest.lock" &gt; /dev/null
if [[ $? != 0 ]] ; then
    cat &lt;&lt; EOM
error: The sandbox is not in sync with the Podfile.lock. Run 'pod install' or update your CocoaPods installation.
EOM
    exit 1
fi
</string>
			<key>showEnvVarsInLog</key>
			<string>0</string>
		</dict>
		<key>F45027048428550D85A835DA</key>
		<dict>
			<key>buildActionMask</key>
			<string>2147483647</string>
			<key>files</key>
			<array/>
			<key>inputPaths</key>
			<array/>
			<key>isa</key>
			<string>PBXShellScriptBuildPhase</string>
			<key>name</key>
			<string>Copy Pods Resources</string>
			<key>outputPaths</key>
			<array/>
			<key>runOnlyForDeploymentPostprocessing</key>
			<string>0</string>
			<key>shellPath</key>
			<string>/bin/sh</string>
			<key>shellScript</key>
			<string>"${SRCROOT}/Pods/Target Support Files/Pods-Swapr/Pods-Swapr-resources.sh"
</string>
			<key>showEnvVarsInLog</key>
			<string>0</string>
		</dict>
	</dict>
	<key>rootObject</key>
	<string>845166D11A07FED6004663DE</string>
</dict>
</plist>
